{
  "name": "ann-music-mode",
  "version": "1.0.1",
  "lockfileVersion": 1,
  "requires": true,
  "dependencies": {
    "ann-music-base": {
      "version": "1.1.1",
      "resolved": "https://registry.npmjs.org/ann-music-base/-/ann-music-base-1.1.1.tgz",
      "integrity": "sha512-iq5qUEEf57rwd3obDtZ/ZZqEjHDKd/2uKnLuCZgF5l9l6LnUFKuKAoLl5CJjrUuiGqsN2+VMiV/qxFAk/Cf+/w=="
    },
    "ann-music-chord": {
      "version": "1.0.2",
      "resolved": "https://registry.npmjs.org/ann-music-chord/-/ann-music-chord-1.0.2.tgz",
      "integrity": "sha512-j5PhElWXYx14qCg9Jb7Z0pagiV2XLS/GNAUp53GFEyiNlIZs3GUMrPZ3lmE/9nQKYUuKREJpICMkcGb2W633ZQ==",
      "requires": {
        "ann-music-pc": "^1.0.5"
      }
    },
    "ann-music-interval": {
      "version": "1.0.3",
      "resolved": "https://registry.npmjs.org/ann-music-interval/-/ann-music-interval-1.0.3.tgz",
      "integrity": "sha512-MeEMbd/dBqAy4g5DP2Jmqb19v9+bFp9D7firhd7uzmUKhui4ftgVh0zep+e31m/PaiQboY0XAO2nrN/7Hdnysg==",
      "requires": {
        "ann-music-note": "^1.0.7"
      }
    },
    "ann-music-note": {
      "version": "1.0.7",
      "resolved": "https://registry.npmjs.org/ann-music-note/-/ann-music-note-1.0.7.tgz",
      "integrity": "sha512-R/EfZHIuR3E/ph+umCPLvzbuZD5i3nZQl79vNGN16/wF9BDb45aMmAmUs06cSsCMqn9+gXbN60frb1FMYMA95w==",
      "requires": {
        "ann-music-base": "^1.1.1"
      }
    },
    "ann-music-pc": {
      "version": "1.0.5",
      "resolved": "https://registry.npmjs.org/ann-music-pc/-/ann-music-pc-1.0.5.tgz",
      "integrity": "sha512-LYQ4fWykJpAg72rfqIkwp9CqR4EPqcG98mvNBsSevYLFApppJQ6JwtwMd9P+tBRAYaIAdoHlQYENjIsrUIXB1A==",
      "requires": {
        "ann-music-interval": "^1.0.3"
      }
    },
    "ann-music-scale": {
      "version": "1.0.2",
      "resolved": "https://registry.npmjs.org/ann-music-scale/-/ann-music-scale-1.0.2.tgz",
      "integrity": "sha512-KvrzrNMWS7slygDxGUG1vzXSkzKoyiufO04WykFHTq1IH5Ld19p6EBIa7dQSo2D1OMxY2QAce/s7gcoQsm15rg==",
      "requires": {
        "ann-music-chord": "^1.0.2"
      }
    }
  }
}
